
Microsoft Visual Studio Solution File, Format Version 12.00
# Visual Studio Version 17
VisualStudioVersion = 17.4.33213.308
MinimumVisualStudioVersion = 10.0.40219.1
Project("{FAE04EC0-301F-11D3-BF4B-00C04F79EFBC}") = "ExamenFinalProgra2", "ExamenFinalProgra2.csproj", "{C07DE430-4A55-4A29-BEA4-5179600D09A9}"
EndProject
Global
	GlobalSection(SolutionConfigurationPlatforms) = preSolution
		Debug|Any CPU = Debug|Any CPU
		Release|Any CPU = Release|Any CPU
	EndGlobalSection
	GlobalSection(ProjectConfigurationPlatforms) = postSolution
		{C07DE430-4A55-4A29-BEA4-5179600D09A9}.Debug|Any CPU.ActiveCfg = Debug|Any CPU
		{C07DE430-4A55-4A29-BEA4-5179600D09A9}.Debug|Any CPU.Build.0 = Debug|Any CPU
		{C07DE430-4A55-4A29-BEA4-5179600D09A9}.Release|Any CPU.ActiveCfg = Release|Any CPU
		{C07DE430-4A55-4A29-BEA4-5179600D09A9}.Release|Any CPU.Build.0 = Release|Any CPU
	EndGlobalSection
	GlobalSection(SolutionProperties) = preSolution
		HideSolutionNode = FALSE
	EndGlobalSection
	GlobalSection(ExtensibilityGlobals) = postSolution
		SolutionGuid = {8BCEBC44-E2AC-4CAC-8435-34AAE2BBB80D}
	EndGlobalSection
EndGlobal
